
Microsoft Visual Studio Solution File, Format Version 12.00
# Visual Studio 15
VisualStudioVersion = 15.0.27703.2047
MinimumVisualStudioVersion = 10.0.40219.1
Project("{9A19103F-16F7-4668-BE54-9A1E7A4F7556}") = "RocketInfusedChickenDraftSimulator", "RocketInfusedChickenDraftSimulator\RocketInfusedChickenDraftSimulator.csproj", "{8DC7B7C8-75BD-4E86-8EFD-D7CE449E2CA6}"
EndProject
Project("{FAE04EC0-301F-11D3-BF4B-00C04F79EFBC}") = "RocketInfusedChicken.Database", "RocketInfusedChicken.Database\RocketInfusedChicken.Database.csproj", "{51269DEE-0D60-4FDA-8D0A-E3B2207EC825}"
EndProject
Global
	GlobalSection(SolutionConfigurationPlatforms) = preSolution
		Debug|Any CPU = Debug|Any CPU
		Release|Any CPU = Release|Any CPU
	EndGlobalSection
	GlobalSection(ProjectConfigurationPlatforms) = postSolution
		{8DC7B7C8-75BD-4E86-8EFD-D7CE449E2CA6}.Debug|Any CPU.ActiveCfg = Debug|Any CPU
		{8DC7B7C8-75BD-4E86-8EFD-D7CE449E2CA6}.Debug|Any CPU.Build.0 = Debug|Any CPU
		{8DC7B7C8-75BD-4E86-8EFD-D7CE449E2CA6}.Release|Any CPU.ActiveCfg = Release|Any CPU
		{8DC7B7C8-75BD-4E86-8EFD-D7CE449E2CA6}.Release|Any CPU.Build.0 = Release|Any CPU
		{51269DEE-0D60-4FDA-8D0A-E3B2207EC825}.Debug|Any CPU.ActiveCfg = Debug|Any CPU
		{51269DEE-0D60-4FDA-8D0A-E3B2207EC825}.Debug|Any CPU.Build.0 = Debug|Any CPU
		{51269DEE-0D60-4FDA-8D0A-E3B2207EC825}.Release|Any CPU.ActiveCfg = Release|Any CPU
		{51269DEE-0D60-4FDA-8D0A-E3B2207EC825}.Release|Any CPU.Build.0 = Release|Any CPU
	EndGlobalSection
	GlobalSection(SolutionProperties) = preSolution
		HideSolutionNode = FALSE
	EndGlobalSection
	GlobalSection(ExtensibilityGlobals) = postSolution
		SolutionGuid = {E0D3E49E-17F4-4927-9DE9-A99888202C97}
	EndGlobalSection
EndGlobal
